
Microsoft Visual Studio Solution File, Format Version 12.00
# Visual Studio 15
VisualStudioVersion = 15.0.27428.2015
MinimumVisualStudioVersion = 10.0.40219.1
Project("{FAE04EC0-301F-11D3-BF4B-00C04F79EFBC}") = "AluraCSharp01", "AluraCSharp01\AluraCSharp01.csproj", "{C2F4E1EB-A76D-488E-A9F1-78D5856975B0}"
EndProject
Project("{FAE04EC0-301F-11D3-BF4B-00C04F79EFBC}") = "AluraCSharp02", "AluraCSharp02\AluraCSharp02.csproj", "{DC6D6CA8-264C-4833-B517-9BFCD8D5D30C}"
EndProject
Project("{FAE04EC0-301F-11D3-BF4B-00C04F79EFBC}") = "AluraCSharp03", "AluraCSharp03\AluraCSharp03.csproj", "{E726CA2F-A0BD-468F-B2C4-26DDA01E152B}"
EndProject
Project("{FAE04EC0-301F-11D3-BF4B-00C04F79EFBC}") = "AluraCSharp04", "AluraCSharp04\AluraCSharp04.csproj", "{1CCEF96A-4B4B-4AF0-B594-9640CB71AA7C}"
EndProject
Project("{FAE04EC0-301F-11D3-BF4B-00C04F79EFBC}") = "AluraCSharp05", "AluraCSharp05\AluraCSharp05.csproj", "{BA279164-676A-49D6-B2A2-C73C3A1EC54C}"
EndProject
Project("{9A19103F-16F7-4668-BE54-9A1E7A4F7556}") = "AluraCSharpClassLibrary", "AluraCSharpClassLibrary\AluraCSharpClassLibrary.csproj", "{8DD11DD0-665B-4786-A181-DD8F6E7955E0}"
EndProject
Project("{FAE04EC0-301F-11D3-BF4B-00C04F79EFBC}") = "AluraCSharp06", "AluraCSharp06\AluraCSharp06.csproj", "{168364BD-431A-4601-B65F-13FE177EA951}"
EndProject
Project("{FAE04EC0-301F-11D3-BF4B-00C04F79EFBC}") = "AluraCSharp07", "AluraCSharp07\AluraCSharp07.csproj", "{1382A846-D4F0-4723-AF07-94EFF46881BF}"
EndProject
Project("{FAE04EC0-301F-11D3-BF4B-00C04F79EFBC}") = "AluraCSharp08", "AluraCSharp08\AluraCSharp08.csproj", "{55E5D0F8-AD0A-46EC-ADF7-C57E17DABA4F}"
EndProject
Project("{FAE04EC0-301F-11D3-BF4B-00C04F79EFBC}") = "AluraCSharp09", "AluraCSharp09\AluraCSharp09.csproj", "{D610A29D-DF53-491F-8F5A-D1DBF7FAB427}"
EndProject
Global
	GlobalSection(SolutionConfigurationPlatforms) = preSolution
		Debug|Any CPU = Debug|Any CPU
		Release|Any CPU = Release|Any CPU
	EndGlobalSection
	GlobalSection(ProjectConfigurationPlatforms) = postSolution
		{C2F4E1EB-A76D-488E-A9F1-78D5856975B0}.Debug|Any CPU.ActiveCfg = Debug|Any CPU
		{C2F4E1EB-A76D-488E-A9F1-78D5856975B0}.Debug|Any CPU.Build.0 = Debug|Any CPU
		{C2F4E1EB-A76D-488E-A9F1-78D5856975B0}.Release|Any CPU.ActiveCfg = Release|Any CPU
		{C2F4E1EB-A76D-488E-A9F1-78D5856975B0}.Release|Any CPU.Build.0 = Release|Any CPU
		{DC6D6CA8-264C-4833-B517-9BFCD8D5D30C}.Debug|Any CPU.ActiveCfg = Debug|Any CPU
		{DC6D6CA8-264C-4833-B517-9BFCD8D5D30C}.Debug|Any CPU.Build.0 = Debug|Any CPU
		{DC6D6CA8-264C-4833-B517-9BFCD8D5D30C}.Release|Any CPU.ActiveCfg = Release|Any CPU
		{DC6D6CA8-264C-4833-B517-9BFCD8D5D30C}.Release|Any CPU.Build.0 = Release|Any CPU
		{E726CA2F-A0BD-468F-B2C4-26DDA01E152B}.Debug|Any CPU.ActiveCfg = Debug|Any CPU
		{E726CA2F-A0BD-468F-B2C4-26DDA01E152B}.Debug|Any CPU.Build.0 = Debug|Any CPU
		{E726CA2F-A0BD-468F-B2C4-26DDA01E152B}.Release|Any CPU.ActiveCfg = Release|Any CPU
		{E726CA2F-A0BD-468F-B2C4-26DDA01E152B}.Release|Any CPU.Build.0 = Release|Any CPU
		{1CCEF96A-4B4B-4AF0-B594-9640CB71AA7C}.Debug|Any CPU.ActiveCfg = Debug|Any CPU
		{1CCEF96A-4B4B-4AF0-B594-9640CB71AA7C}.Debug|Any CPU.Build.0 = Debug|Any CPU
		{1CCEF96A-4B4B-4AF0-B594-9640CB71AA7C}.Release|Any CPU.ActiveCfg = Release|Any CPU
		{1CCEF96A-4B4B-4AF0-B594-9640CB71AA7C}.Release|Any CPU.Build.0 = Release|Any CPU
		{BA279164-676A-49D6-B2A2-C73C3A1EC54C}.Debug|Any CPU.ActiveCfg = Debug|Any CPU
		{BA279164-676A-49D6-B2A2-C73C3A1EC54C}.Debug|Any CPU.Build.0 = Debug|Any CPU
		{BA279164-676A-49D6-B2A2-C73C3A1EC54C}.Release|Any CPU.ActiveCfg = Release|Any CPU
		{BA279164-676A-49D6-B2A2-C73C3A1EC54C}.Release|Any CPU.Build.0 = Release|Any CPU
		{8DD11DD0-665B-4786-A181-DD8F6E7955E0}.Debug|Any CPU.ActiveCfg = Debug|Any CPU
		{8DD11DD0-665B-4786-A181-DD8F6E7955E0}.Debug|Any CPU.Build.0 = Debug|Any CPU
		{8DD11DD0-665B-4786-A181-DD8F6E7955E0}.Release|Any CPU.ActiveCfg = Release|Any CPU
		{8DD11DD0-665B-4786-A181-DD8F6E7955E0}.Release|Any CPU.Build.0 = Release|Any CPU
		{168364BD-431A-4601-B65F-13FE177EA951}.Debug|Any CPU.ActiveCfg = Debug|Any CPU
		{168364BD-431A-4601-B65F-13FE177EA951}.Debug|Any CPU.Build.0 = Debug|Any CPU
		{168364BD-431A-4601-B65F-13FE177EA951}.Release|Any CPU.ActiveCfg = Release|Any CPU
		{168364BD-431A-4601-B65F-13FE177EA951}.Release|Any CPU.Build.0 = Release|Any CPU
		{1382A846-D4F0-4723-AF07-94EFF46881BF}.Debug|Any CPU.ActiveCfg = Debug|Any CPU
		{1382A846-D4F0-4723-AF07-94EFF46881BF}.Debug|Any CPU.Build.0 = Debug|Any CPU
		{1382A846-D4F0-4723-AF07-94EFF46881BF}.Release|Any CPU.ActiveCfg = Release|Any CPU
		{1382A846-D4F0-4723-AF07-94EFF46881BF}.Release|Any CPU.Build.0 = Release|Any CPU
		{55E5D0F8-AD0A-46EC-ADF7-C57E17DABA4F}.Debug|Any CPU.ActiveCfg = Debug|Any CPU
		{55E5D0F8-AD0A-46EC-ADF7-C57E17DABA4F}.Debug|Any CPU.Build.0 = Debug|Any CPU
		{55E5D0F8-AD0A-46EC-ADF7-C57E17DABA4F}.Release|Any CPU.ActiveCfg = Release|Any CPU
		{55E5D0F8-AD0A-46EC-ADF7-C57E17DABA4F}.Release|Any CPU.Build.0 = Release|Any CPU
		{D610A29D-DF53-491F-8F5A-D1DBF7FAB427}.Debug|Any CPU.ActiveCfg = Debug|Any CPU
		{D610A29D-DF53-491F-8F5A-D1DBF7FAB427}.Debug|Any CPU.Build.0 = Debug|Any CPU
		{D610A29D-DF53-491F-8F5A-D1DBF7FAB427}.Release|Any CPU.ActiveCfg = Release|Any CPU
		{D610A29D-DF53-491F-8F5A-D1DBF7FAB427}.Release|Any CPU.Build.0 = Release|Any CPU
	EndGlobalSection
	GlobalSection(SolutionProperties) = preSolution
		HideSolutionNode = FALSE
	EndGlobalSection
	GlobalSection(ExtensibilityGlobals) = postSolution
		SolutionGuid = {F7D493AC-23D1-42AB-B6B9-E11731A31961}
	EndGlobalSection
EndGlobal
